
Microsoft Visual Studio Solution File, Format Version 12.00
# Visual Studio 15
VisualStudioVersion = 15.0.28307.271
MinimumVisualStudioVersion = 10.0.40219.1
Project("{FAE04EC0-301F-11D3-BF4B-00C04F79EFBC}") = "PicSharedApp.Android", "PicSharedApp\PicSharedApp.Android\PicSharedApp.Android.csproj", "{5100498D-DFC3-478A-AC5E-B4C8675BF60D}"
EndProject
Project("{FAE04EC0-301F-11D3-BF4B-00C04F79EFBC}") = "PicSharedApp", "PicSharedApp\PicSharedApp\PicSharedApp.csproj", "{F83A311A-868A-4FAD-83EA-1AE01BF4AFD8}"
EndProject
Global
	GlobalSection(SolutionConfigurationPlatforms) = preSolution
		Debug|Any CPU = Debug|Any CPU
		Release|Any CPU = Release|Any CPU
	EndGlobalSection
	GlobalSection(ProjectConfigurationPlatforms) = postSolution
		{5100498D-DFC3-478A-AC5E-B4C8675BF60D}.Debug|Any CPU.ActiveCfg = Debug|Any CPU
		{5100498D-DFC3-478A-AC5E-B4C8675BF60D}.Debug|Any CPU.Build.0 = Debug|Any CPU
		{5100498D-DFC3-478A-AC5E-B4C8675BF60D}.Debug|Any CPU.Deploy.0 = Debug|Any CPU
		{5100498D-DFC3-478A-AC5E-B4C8675BF60D}.Release|Any CPU.ActiveCfg = Release|Any CPU
		{5100498D-DFC3-478A-AC5E-B4C8675BF60D}.Release|Any CPU.Build.0 = Release|Any CPU
		{5100498D-DFC3-478A-AC5E-B4C8675BF60D}.Release|Any CPU.Deploy.0 = Release|Any CPU
		{F83A311A-868A-4FAD-83EA-1AE01BF4AFD8}.Debug|Any CPU.ActiveCfg = Debug|Any CPU
		{F83A311A-868A-4FAD-83EA-1AE01BF4AFD8}.Debug|Any CPU.Build.0 = Debug|Any CPU
		{F83A311A-868A-4FAD-83EA-1AE01BF4AFD8}.Release|Any CPU.ActiveCfg = Release|Any CPU
		{F83A311A-868A-4FAD-83EA-1AE01BF4AFD8}.Release|Any CPU.Build.0 = Release|Any CPU
	EndGlobalSection
	GlobalSection(SolutionProperties) = preSolution
		HideSolutionNode = FALSE
	EndGlobalSection
	GlobalSection(ExtensibilityGlobals) = postSolution
		SolutionGuid = {374BCAB9-28F8-40AD-A104-1322CAEAD976}
	EndGlobalSection
EndGlobal
